
Microsoft Visual Studio Solution File, Format Version 12.00
# Visual Studio 15
VisualStudioVersion = 15.0.28010.2003
MinimumVisualStudioVersion = 10.0.40219.1
Project("{FAE04EC0-301F-11D3-BF4B-00C04F79EFBC}") = "APSII.ConsoleApp", "APSII.ConsoleApp\APSII.ConsoleApp.csproj", "{A5682410-1012-4F1B-8458-FBED0988DFF4}"
EndProject
Global
	GlobalSection(SolutionConfigurationPlatforms) = preSolution
		Debug|Any CPU = Debug|Any CPU
		Release|Any CPU = Release|Any CPU
	EndGlobalSection
	GlobalSection(ProjectConfigurationPlatforms) = postSolution
		{A5682410-1012-4F1B-8458-FBED0988DFF4}.Debug|Any CPU.ActiveCfg = Debug|Any CPU
		{A5682410-1012-4F1B-8458-FBED0988DFF4}.Debug|Any CPU.Build.0 = Debug|Any CPU
		{A5682410-1012-4F1B-8458-FBED0988DFF4}.Release|Any CPU.ActiveCfg = Release|Any CPU
		{A5682410-1012-4F1B-8458-FBED0988DFF4}.Release|Any CPU.Build.0 = Release|Any CPU
	EndGlobalSection
	GlobalSection(SolutionProperties) = preSolution
		HideSolutionNode = FALSE
	EndGlobalSection
	GlobalSection(ExtensibilityGlobals) = postSolution
		SolutionGuid = {FB90BA6B-8C6F-433A-8AEA-09E0496B9468}
	EndGlobalSection
EndGlobal
